# This file is automatically @generated by Cargo.
# It is not intended for manual editing.
version = 4

[[package]]
name = "mono-cli"
version = "0.2.1"
dependencies = [
 "mono-core",
 "mono-platform-arch",
]

[[package]]
name = "mono-core"
version = "0.2.1"

[[package]]
name = "mono-platform-arch"
version = "0.2.1"
dependencies = [
 "mono-core",
]
